// !$*UTF8*$!
{
	archiveVersion = 1;
	classes = {
	};
	objectVersion = 56;
	objects = {

/* Begin PBXBuildFile section */
		602EAAF82BCAE9FF00FA533A /* BarcodeScannerApp.swift in Sources */ = {isa = PBXBuildFile; fileRef = 602EAAF72BCAE9FF00FA533A /* BarcodeScannerApp.swift */; };
		602EAAFA2BCAE9FF00FA533A /* BarcodeScannerView.swift in Sources */ = {isa = PBXBuildFile; fileRef = 602EAAF92BCAE9FF00FA533A /* BarcodeScannerView.swift */; };
		602EAAFC2BCAEA0100FA533A /* Assets.xcassets in Resources */ = {isa = PBXBuildFile; fileRef = 602EAAFB2BCAEA0100FA533A /* Assets.xcassets */; };
		602EAAFF2BCAEA0100FA533A /* Preview Assets.xcassets in Resources */ = {isa = PBXBuildFile; fileRef = 602EAAFE2BCAEA0100FA533A /* Preview Assets.xcassets */; };
		604DA94A2BCB5B8A00B63A3D /* ScannerViewController.swift in Sources */ = {isa = PBXBuildFile; fileRef = 604DA9492BCB5B8A00B63A3D /* ScannerViewController.swift */; };
		604DA94C2BCB835800B63A3D /* ScannerView.swift in Sources */ = {isa = PBXBuildFile; fileRef = 604DA94B2BCB835800B63A3D /* ScannerView.swift */; };
		60FD49902BCF4CAE003BFCEF /* Alert.swift in Sources */ = {isa = PBXBuildFile; fileRef = 60FD498F2BCF4CAE003BFCEF /* Alert.swift */; };
		60FD49922BCF4CEB003BFCEF /* BarcodeScannerViewModel.swift in Sources */ = {isa = PBXBuildFile; fileRef = 60FD49912BCF4CEB003BFCEF /* BarcodeScannerViewModel.swift */; };
/* End PBXBuildFile section */

/* Begin PBXFileReference section */
		602EAAF42BCAE9FF00FA533A /* BarcodeScanner.app */ = {isa = PBXFileReference; explicitFileType = wrapper.application; includeInIndex = 0; path = BarcodeScanner.app; sourceTree = BUILT_PRODUCTS_DIR; };
		602EAAF72BCAE9FF00FA533A /* BarcodeScannerApp.swift */ = {isa = PBXFileReference; lastKnownFileType = sourcecode.swift; path = BarcodeScannerApp.swift; sourceTree = "<group>"; };
		602EAAF92BCAE9FF00FA533A /* BarcodeScannerView.swift */ = {isa = PBXFileReference; lastKnownFileType = sourcecode.swift; path = BarcodeScannerView.swift; sourceTree = "<group>"; };
		602EAAFB2BCAEA0100FA533A /* Assets.xcassets */ = {isa = PBXFileReference; lastKnownFileType = folder.assetcatalog; path = Assets.xcassets; sourceTree = "<group>"; };
		602EAAFE2BCAEA0100FA533A /* Preview Assets.xcassets */ = {isa = PBXFileReference; lastKnownFileType = folder.assetcatalog; path = "Preview Assets.xcassets"; sourceTree = "<group>"; };
		604DA9492BCB5B8A00B63A3D /* ScannerViewController.swift */ = {isa = PBXFileReference; lastKnownFileType = sourcecode.swift; path = ScannerViewController.swift; sourceTree = "<group>"; };
		604DA94B2BCB835800B63A3D /* ScannerView.swift */ = {isa = PBXFileReference; lastKnownFileType = sourcecode.swift; path = ScannerView.swift; sourceTree = "<group>"; };
		60FD498F2BCF4CAE003BFCEF /* Alert.swift */ = {isa = PBXFileReference; lastKnownFileType = sourcecode.swift; path = Alert.swift; sourceTree = "<group>"; };
		60FD49912BCF4CEB003BFCEF /* BarcodeScannerViewModel.swift */ = {isa = PBXFileReference; lastKnownFileType = sourcecode.swift; path = BarcodeScannerViewModel.swift; sourceTree = "<group>"; };
/* End PBXFileReference section */

/* Begin PBXFrameworksBuildPhase section */
		602EAAF12BCAE9FF00FA533A /* Frameworks */ = {
			isa = PBXFrameworksBuildPhase;
			buildActionMask = 2147483647;
			files = (
			);
			runOnlyForDeploymentPostprocessing = 0;
		};
/* End PBXFrameworksBuildPhase section */

/* Begin PBXGroup section */
		602EAAEB2BCAE9FF00FA533A = {
			isa = PBXGroup;
			children = (
				602EAAF62BCAE9FF00FA533A /* BarcodeScanner */,
				602EAAF52BCAE9FF00FA533A /* Products */,
			);
			sourceTree = "<group>";
		};
		602EAAF52BCAE9FF00FA533A /* Products */ = {
			isa = PBXGroup;
			children = (
				602EAAF42BCAE9FF00FA533A /* BarcodeScanner.app */,
			);
			name = Products;
			sourceTree = "<group>";
		};
		602EAAF62BCAE9FF00FA533A /* BarcodeScanner */ = {
			isa = PBXGroup;
			children = (
				60FD49972BCF5A1B003BFCEF /* Utils */,
				60FD49952BCF59DE003BFCEF /* Views */,
				60FD49932BCF59B1003BFCEF /* Screens */,
				602EAAF72BCAE9FF00FA533A /* BarcodeScannerApp.swift */,
				602EAAFB2BCAEA0100FA533A /* Assets.xcassets */,
				602EAAFD2BCAEA0100FA533A /* Preview Content */,
			);
			path = BarcodeScanner;
			sourceTree = "<group>";
		};
		602EAAFD2BCAEA0100FA533A /* Preview Content */ = {
			isa = PBXGroup;
			children = (
				602EAAFE2BCAEA0100FA533A /* Preview Assets.xcassets */,
			);
			path = "Preview Content";
			sourceTree = "<group>";
		};
		60FD49932BCF59B1003BFCEF /* Screens */ = {
			isa = PBXGroup;
			children = (
				60FD49942BCF59BB003BFCEF /* BarcodeScanner */,
			);
			path = Screens;
			sourceTree = "<group>";
		};
		60FD49942BCF59BB003BFCEF /* BarcodeScanner */ = {
			isa = PBXGroup;
			children = (
				602EAAF92BCAE9FF00FA533A /* BarcodeScannerView.swift */,
				60FD49912BCF4CEB003BFCEF /* BarcodeScannerViewModel.swift */,
			);
			path = BarcodeScanner;
			sourceTree = "<group>";
		};
		60FD49952BCF59DE003BFCEF /* Views */ = {
			isa = PBXGroup;
			children = (
				60FD49962BCF59E4003BFCEF /* UiKitComponents */,
			);
			path = Views;
			sourceTree = "<group>";
		};
		60FD49962BCF59E4003BFCEF /* UiKitComponents */ = {
			isa = PBXGroup;
			children = (
				604DA9492BCB5B8A00B63A3D /* ScannerViewController.swift */,
				604DA94B2BCB835800B63A3D /* ScannerView.swift */,
			);
			path = UiKitComponents;
			sourceTree = "<group>";
		};
		60FD49972BCF5A1B003BFCEF /* Utils */ = {
			isa = PBXGroup;
			children = (
				60FD498F2BCF4CAE003BFCEF /* Alert.swift */,
			);
			path = Utils;
			sourceTree = "<group>";
		};
/* End PBXGroup section */

/* Begin PBXNativeTarget section */
		602EAAF32BCAE9FF00FA533A /* BarcodeScanner */ = {
			isa = PBXNativeTarget;
			buildConfigurationList = 602EAB022BCAEA0100FA533A /* Build configuration list for PBXNativeTarget "BarcodeScanner" */;
			buildPhases = (
				602EAAF02BCAE9FF00FA533A /* Sources */,
				602EAAF12BCAE9FF00FA533A /* Frameworks */,
				602EAAF22BCAE9FF00FA533A /* Resources */,
			);
			buildRules = (
			);
			dependencies = (
			);
			name = BarcodeScanner;
			productName = BarcodeScanner;
			productReference = 602EAAF42BCAE9FF00FA533A /* BarcodeScanner.app */;
			productType = "com.apple.product-type.application";
		};
/* End PBXNativeTarget section */

/* Begin PBXProject section */
		602EAAEC2BCAE9FF00FA533A /* Project object */ = {
			isa = PBXProject;
			attributes = {
				BuildIndependentTargetsInParallel = 1;
				LastSwiftUpdateCheck = 1430;
				LastUpgradeCheck = 1430;
				TargetAttributes = {
					602EAAF32BCAE9FF00FA533A = {
						CreatedOnToolsVersion = 14.3.1;
					};
				};
			};
			buildConfigurationList = 602EAAEF2BCAE9FF00FA533A /* Build configuration list for PBXProject "BarcodeScanner" */;
			compatibilityVersion = "Xcode 14.0";
			developmentRegion = en;
			hasScannedForEncodings = 0;
			knownRegions = (
				en,
				Base,
			);
			mainGroup = 602EAAEB2BCAE9FF00FA533A;
			productRefGroup = 602EAAF52BCAE9FF00FA533A /* Products */;
			projectDirPath = "";
			projectRoot = "";
			targets = (
				602EAAF32BCAE9FF00FA533A /* BarcodeScanner */,
			);
		};
/* End PBXProject section */

/* Begin PBXResourcesBuildPhase section */
		602EAAF22BCAE9FF00FA533A /* Resources */ = {
			isa = PBXResourcesBuildPhase;
			buildActionMask = 2147483647;
			files = (
				602EAAFF2BCAEA0100FA533A /* Preview Assets.xcassets in Resources */,
				602EAAFC2BCAEA0100FA533A /* Assets.xcassets in Resources */,
			);
			runOnlyForDeploymentPostprocessing = 0;
		};
/* End PBXResourcesBuildPhase section */

/* Begin PBXSourcesBuildPhase section */
		602EAAF02BCAE9FF00FA533A /* Sources */ = {
			isa = PBXSourcesBuildPhase;
			buildActionMask = 2147483647;
			files = (
				60FD49922BCF4CEB003BFCEF /* BarcodeScannerViewModel.swift in Sources */,
				602EAAFA2BCAE9FF00FA533A /* BarcodeScannerView.swift in Sources */,
				604DA94C2BCB835800B63A3D /* ScannerView.swift in Sources */,
				604DA94A2BCB5B8A00B63A3D /* ScannerViewController.swift in Sources */,
				60FD49902BCF4CAE003BFCEF /* Alert.swift in Sources */,
				602EAAF82BCAE9FF00FA533A /* BarcodeScannerApp.swift in Sources */,
			);
			runOnlyForDeploymentPostprocessing = 0;
		};
/* End PBXSourcesBuildPhase section */

/* Begin XCBuildConfiguration section */
		602EAB002BCAEA0100FA533A /* Debug */ = {
			isa = XCBuildConfiguration;
			buildSettings = {
				ALWAYS_SEARCH_USER_PATHS = NO;
				CLANG_ANALYZER_NONNULL = YES;
				CLANG_ANALYZER_NUMBER_OBJECT_CONVERSION = YES_AGGRESSIVE;
				CLANG_CXX_LANGUAGE_STANDARD = "gnu++20";
				CLANG_ENABLE_MODULES = YES;
				CLANG_ENABLE_OBJC_ARC = YES;
				CLANG_ENABLE_OBJC_WEAK = YES;
				CLANG_WARN_BLOCK_CAPTURE_AUTORELEASING = YES;
				CLANG_WARN_BOOL_CONVERSION = YES;
				CLANG_WARN_COMMA = YES;
				CLANG_WARN_CONSTANT_CONVERSION = YES;
				CLANG_WARN_DEPRECATED_OBJC_IMPLEMENTATIONS = YES;
				CLANG_WARN_DIRECT_OBJC_ISA_USAGE = YES_ERROR;
				CLANG_WARN_DOCUMENTATION_COMMENTS = YES;
				CLANG_WARN_EMPTY_BODY = YES;
				CLANG_WARN_ENUM_CONVERSION = YES;
				CLANG_WARN_INFINITE_RECURSION = YES;
				CLANG_WARN_INT_CONVERSION = YES;
				CLANG_WARN_NON_LITERAL_NULL_CONVERSION = YES;
				CLANG_WARN_OBJC_IMPLICIT_RETAIN_SELF = YES;
				CLANG_WARN_OBJC_LITERAL_CONVERSION = YES;
				CLANG_WARN_OBJC_ROOT_CLASS = YES_ERROR;
				CLANG_WARN_QUOTED_INCLUDE_IN_FRAMEWORK_HEADER = YES;
				CLANG_WARN_RANGE_LOOP_ANALYSIS = YES;
				CLANG_WARN_STRICT_PROTOTYPES = YES;
				CLANG_WARN_SUSPICIOUS_MOVE = YES;
				CLANG_WARN_UNGUARDED_AVAILABILITY = YES_AGGRESSIVE;
				CLANG_WARN_UNREACHABLE_CODE = YES;
				CLANG_WARN__DUPLICATE_METHOD_MATCH = YES;
				COPY_PHASE_STRIP = NO;
				DEBUG_INFORMATION_FORMAT = dwarf;
				ENABLE_STRICT_OBJC_MSGSEND = YES;
				ENABLE_TESTABILITY = YES;
				GCC_C_LANGUAGE_STANDARD = gnu11;
				GCC_DYNAMIC_NO_PIC = NO;
				GCC_NO_COMMON_BLOCKS = YES;
				GCC_OPTIMIZATION_LEVEL = 0;
				GCC_PREPROCESSOR_DEFINITIONS = (
					"DEBUG=1",
					"$(inherited)",
				);
				GCC_WARN_64_TO_32_BIT_CONVERSION = YES;
				GCC_WARN_ABOUT_RETURN_TYPE = YES_ERROR;
				GCC_WARN_UNDECLARED_SELECTOR = YES;
				GCC_WARN_UNINITIALIZED_AUTOS = YES_AGGRESSIVE;
				GCC_WARN_UNUSED_FUNCTION = YES;
				GCC_WARN_UNUSED_VARIABLE = YES;
				IPHONEOS_DEPLOYMENT_TARGET = 16.4;
				MTL_ENABLE_DEBUG_INFO = INCLUDE_SOURCE;
				MTL_FAST_MATH = YES;
				ONLY_ACTIVE_ARCH = YES;
				SDKROOT = iphoneos;
				SWIFT_ACTIVE_COMPILATION_CONDITIONS = DEBUG;
				SWIFT_OPTIMIZATION_LEVEL = "-Onone";
			};
			name = Debug;
		};
		602EAB012BCAEA0100FA533A /* Release */ = {
			isa = XCBuildConfiguration;
			buildSettings = {
				ALWAYS_SEARCH_USER_PATHS = NO;
				CLANG_ANALYZER_NONNULL = YES;
				CLANG_ANALYZER_NUMBER_OBJECT_CONVERSION = YES_AGGRESSIVE;
				CLANG_CXX_LANGUAGE_STANDARD = "gnu++20";
				CLANG_ENABLE_MODULES = YES;
				CLANG_ENABLE_OBJC_ARC = YES;
				CLANG_ENABLE_OBJC_WEAK = YES;
				CLANG_WARN_BLOCK_CAPTURE_AUTORELEASING = YES;
				CLANG_WARN_BOOL_CONVERSION = YES;
				CLANG_WARN_COMMA = YES;
				CLANG_WARN_CONSTANT_CONVERSION = YES;
				CLANG_WARN_DEPRECATED_OBJC_IMPLEMENTATIONS = YES;
				CLANG_WARN_DIRECT_OBJC_ISA_USAGE = YES_ERROR;
				CLANG_WARN_DOCUMENTATION_COMMENTS = YES;
				CLANG_WARN_EMPTY_BODY = YES;
				CLANG_WARN_ENUM_CONVERSION = YES;
				CLANG_WARN_INFINITE_RECURSION = YES;
				CLANG_WARN_INT_CONVERSION = YES;
				CLANG_WARN_NON_LITERAL_NULL_CONVERSION = YES;
				CLANG_WARN_OBJC_IMPLICIT_RETAIN_SELF = YES;
				CLANG_WARN_OBJC_LITERAL_CONVERSION = YES;
				CLANG_WARN_OBJC_ROOT_CLASS = YES_ERROR;
				CLANG_WARN_QUOTED_INCLUDE_IN_FRAMEWORK_HEADER = YES;
				CLANG_WARN_RANGE_LOOP_ANALYSIS = YES;
				CLANG_WARN_STRICT_PROTOTYPES = YES;
				CLANG_WARN_SUSPICIOUS_MOVE = YES;
				CLANG_WARN_UNGUARDED_AVAILABILITY = YES_AGGRESSIVE;
				CLANG_WARN_UNREACHABLE_CODE = YES;
				CLANG_WARN__DUPLICATE_METHOD_MATCH = YES;
				COPY_PHASE_STRIP = NO;
				DEBUG_INFORMATION_FORMAT = "dwarf-with-dsym";
				ENABLE_NS_ASSERTIONS = NO;
				ENABLE_STRICT_OBJC_MSGSEND = YES;
				GCC_C_LANGUAGE_STANDARD = gnu11;
				GCC_NO_COMMON_BLOCKS = YES;
				GCC_WARN_64_TO_32_BIT_CONVERSION = YES;
				GCC_WARN_ABOUT_RETURN_TYPE = YES_ERROR;
				GCC_WARN_UNDECLARED_SELECTOR = YES;
				GCC_WARN_UNINITIALIZED_AUTOS = YES_AGGRESSIVE;
				GCC_WARN_UNUSED_FUNCTION = YES;
				GCC_WARN_UNUSED_VARIABLE = YES;
				IPHONEOS_DEPLOYMENT_TARGET = 16.4;
				MTL_ENABLE_DEBUG_INFO = NO;
				MTL_FAST_MATH = YES;
				SDKROOT = iphoneos;
				SWIFT_COMPILATION_MODE = wholemodule;
				SWIFT_OPTIMIZATION_LEVEL = "-O";
				VALIDATE_PRODUCT = YES;
			};
			name = Release;
		};
		602EAB032BCAEA0100FA533A /* Debug */ = {
			isa = XCBuildConfiguration;
			buildSettings = {
				ASSETCATALOG_COMPILER_APPICON_NAME = AppIcon;
				ASSETCATALOG_COMPILER_GLOBAL_ACCENT_COLOR_NAME = AccentColor;
				CODE_SIGN_STYLE = Automatic;
				CURRENT_PROJECT_VERSION = 1;
				DEVELOPMENT_ASSET_PATHS = "\"BarcodeScanner/Preview Content\"";
				ENABLE_PREVIEWS = YES;
				GENERATE_INFOPLIST_FILE = YES;
				INFOPLIST_KEY_UIApplicationSceneManifest_Generation = YES;
				INFOPLIST_KEY_UIApplicationSupportsIndirectInputEvents = YES;
				INFOPLIST_KEY_UILaunchScreen_Generation = YES;
				INFOPLIST_KEY_UISupportedInterfaceOrientations_iPad = "UIInterfaceOrientationPortrait UIInterfaceOrientationPortraitUpsideDown UIInterfaceOrientationLandscapeLeft UIInterfaceOrientationLandscapeRight";
				INFOPLIST_KEY_UISupportedInterfaceOrientations_iPhone = "UIInterfaceOrientationPortrait UIInterfaceOrientationLandscapeLeft UIInterfaceOrientationLandscapeRight";
				LD_RUNPATH_SEARCH_PATHS = (
					"$(inherited)",
					"@executable_path/Frameworks",
				);
				MARKETING_VERSION = 1.0;
				PRODUCT_BUNDLE_IDENTIFIER = andres.rangel.BarcodeScanner;
				PRODUCT_NAME = "$(TARGET_NAME)";
				SWIFT_EMIT_LOC_STRINGS = YES;
				SWIFT_VERSION = 5.0;
				TARGETED_DEVICE_FAMILY = "1,2";
			};
			name = Debug;
		};
		602EAB042BCAEA0100FA533A /* Release */ = {
			isa = XCBuildConfiguration;
			buildSettings = {
				ASSETCATALOG_COMPILER_APPICON_NAME = AppIcon;
				ASSETCATALOG_COMPILER_GLOBAL_ACCENT_COLOR_NAME = AccentColor;
				CODE_SIGN_STYLE = Automatic;
				CURRENT_PROJECT_VERSION = 1;
				DEVELOPMENT_ASSET_PATHS = "\"BarcodeScanner/Preview Content\"";
				ENABLE_PREVIEWS = YES;
				GENERATE_INFOPLIST_FILE = YES;
				INFOPLIST_KEY_UIApplicationSceneManifest_Generation = YES;
				INFOPLIST_KEY_UIApplicationSupportsIndirectInputEvents = YES;
				INFOPLIST_KEY_UILaunchScreen_Generation = YES;
				INFOPLIST_KEY_UISupportedInterfaceOrientations_iPad = "UIInterfaceOrientationPortrait UIInterfaceOrientationPortraitUpsideDown UIInterfaceOrientationLandscapeLeft UIInterfaceOrientationLandscapeRight";
				INFOPLIST_KEY_UISupportedInterfaceOrientations_iPhone = "UIInterfaceOrientationPortrait UIInterfaceOrientationLandscapeLeft UIInterfaceOrientationLandscapeRight";
				LD_RUNPATH_SEARCH_PATHS = (
					"$(inherited)",
					"@executable_path/Frameworks",
				);
				MARKETING_VERSION = 1.0;
				PRODUCT_BUNDLE_IDENTIFIER = andres.rangel.BarcodeScanner;
				PRODUCT_NAME = "$(TARGET_NAME)";
				SWIFT_EMIT_LOC_STRINGS = YES;
				SWIFT_VERSION = 5.0;
				TARGETED_DEVICE_FAMILY = "1,2";
			};
			name = Release;
		};
/* End XCBuildConfiguration section */

/* Begin XCConfigurationList section */
		602EAAEF2BCAE9FF00FA533A /* Build configuration list for PBXProject "BarcodeScanner" */ = {
			isa = XCConfigurationList;
			buildConfigurations = (
				602EAB002BCAEA0100FA533A /* Debug */,
				602EAB012BCAEA0100FA533A /* Release */,
			);
			defaultConfigurationIsVisible = 0;
			defaultConfigurationName = Release;
		};
		602EAB022BCAEA0100FA533A /* Build configuration list for PBXNativeTarget "BarcodeScanner" */ = {
			isa = XCConfigurationList;
			buildConfigurations = (
				602EAB032BCAEA0100FA533A /* Debug */,
				602EAB042BCAEA0100FA533A /* Release */,
			);
			defaultConfigurationIsVisible = 0;
			defaultConfigurationName = Release;
		};
/* End XCConfigurationList section */
	};
	rootObject = 602EAAEC2BCAE9FF00FA533A /* Project object */;
}
